
Microsoft Visual Studio Solution File, Format Version 12.00
# Visual Studio Version 17
VisualStudioVersion = 17.3.32929.385
MinimumVisualStudioVersion = 10.0.40219.1
Project("{9A19103F-16F7-4668-BE54-9A1E7A4F7556}") = "SintaxisBasica", "PrimerContactoConCSharp\SintaxisBasica.csproj", "{1A6B4CE6-00FF-4FB3-9EB4-0C992688066C}"
EndProject
Project("{FAE04EC0-301F-11D3-BF4B-00C04F79EFBC}") = "Metodos", "Metodos\Metodos.csproj", "{11640D9F-D1DA-4337-9C5E-21860C1FF6C7}"
EndProject
Global
	GlobalSection(SolutionConfigurationPlatforms) = preSolution
		Debug|Any CPU = Debug|Any CPU
		Release|Any CPU = Release|Any CPU
	EndGlobalSection
	GlobalSection(ProjectConfigurationPlatforms) = postSolution
		{1A6B4CE6-00FF-4FB3-9EB4-0C992688066C}.Debug|Any CPU.ActiveCfg = Debug|Any CPU
		{1A6B4CE6-00FF-4FB3-9EB4-0C992688066C}.Debug|Any CPU.Build.0 = Debug|Any CPU
		{1A6B4CE6-00FF-4FB3-9EB4-0C992688066C}.Release|Any CPU.ActiveCfg = Release|Any CPU
		{1A6B4CE6-00FF-4FB3-9EB4-0C992688066C}.Release|Any CPU.Build.0 = Release|Any CPU
		{11640D9F-D1DA-4337-9C5E-21860C1FF6C7}.Debug|Any CPU.ActiveCfg = Debug|Any CPU
		{11640D9F-D1DA-4337-9C5E-21860C1FF6C7}.Debug|Any CPU.Build.0 = Debug|Any CPU
		{11640D9F-D1DA-4337-9C5E-21860C1FF6C7}.Release|Any CPU.ActiveCfg = Release|Any CPU
		{11640D9F-D1DA-4337-9C5E-21860C1FF6C7}.Release|Any CPU.Build.0 = Release|Any CPU
	EndGlobalSection
	GlobalSection(SolutionProperties) = preSolution
		HideSolutionNode = FALSE
	EndGlobalSection
	GlobalSection(ExtensibilityGlobals) = postSolution
		SolutionGuid = {D69D1B67-8F44-4DFD-A00A-17F2CBD9F2BC}
	EndGlobalSection
EndGlobal
